
Microsoft Visual Studio Solution File, Format Version 12.00
# Visual Studio 15
VisualStudioVersion = 15.0.27428.2015
MinimumVisualStudioVersion = 10.0.40219.1
Project("{8BC9CEB8-8B4A-11D0-8D11-00A0C91BC942}") = "showdir", "showdir\showdir.vcxproj", "{AB9BC3E5-7F32-4BA5-B0A8-86ED103D7C92}"
EndProject
Global
	GlobalSection(SolutionConfigurationPlatforms) = preSolution
		Debug|x64 = Debug|x64
		Debug|x86 = Debug|x86
		Release|x64 = Release|x64
		Release|x86 = Release|x86
	EndGlobalSection
	GlobalSection(ProjectConfigurationPlatforms) = postSolution
		{AB9BC3E5-7F32-4BA5-B0A8-86ED103D7C92}.Debug|x64.ActiveCfg = Debug|x64
		{AB9BC3E5-7F32-4BA5-B0A8-86ED103D7C92}.Debug|x64.Build.0 = Debug|x64
		{AB9BC3E5-7F32-4BA5-B0A8-86ED103D7C92}.Debug|x86.ActiveCfg = Debug|Win32
		{AB9BC3E5-7F32-4BA5-B0A8-86ED103D7C92}.Debug|x86.Build.0 = Debug|Win32
		{AB9BC3E5-7F32-4BA5-B0A8-86ED103D7C92}.Release|x64.ActiveCfg = Release|x64
		{AB9BC3E5-7F32-4BA5-B0A8-86ED103D7C92}.Release|x64.Build.0 = Release|x64
		{AB9BC3E5-7F32-4BA5-B0A8-86ED103D7C92}.Release|x86.ActiveCfg = Release|Win32
		{AB9BC3E5-7F32-4BA5-B0A8-86ED103D7C92}.Release|x86.Build.0 = Release|Win32
	EndGlobalSection
	GlobalSection(SolutionProperties) = preSolution
		HideSolutionNode = FALSE
	EndGlobalSection
	GlobalSection(ExtensibilityGlobals) = postSolution
		SolutionGuid = {ACACCD16-62CB-45D4-8D72-CAC268539423}
	EndGlobalSection
EndGlobal
